// !$*UTF8*$!
{
	archiveVersion = 1;
	classes = {
	};
	objectVersion = 50;
	objects = {

/* Begin PBXBuildFile section */
		2C1520B625108CC200A49838 /* AppDelegate.swift in Sources */ = {isa = PBXBuildFile; fileRef = 2C1520B525108CC200A49838 /* AppDelegate.swift */; };
		2C1520B825108CC200A49838 /* SceneDelegate.swift in Sources */ = {isa = PBXBuildFile; fileRef = 2C1520B725108CC200A49838 /* SceneDelegate.swift */; };
		2C1520BA25108CC200A49838 /* ViewController.swift in Sources */ = {isa = PBXBuildFile; fileRef = 2C1520B925108CC200A49838 /* ViewController.swift */; };
		2C1520BD25108CC200A49838 /* Main.storyboard in Resources */ = {isa = PBXBuildFile; fileRef = 2C1520BB25108CC200A49838 /* Main.storyboard */; };
		2C1520BF25108CC500A49838 /* Assets.xcassets in Resources */ = {isa = PBXBuildFile; fileRef = 2C1520BE25108CC500A49838 /* Assets.xcassets */; };
		2C1520C225108CC500A49838 /* LaunchScreen.storyboard in Resources */ = {isa = PBXBuildFile; fileRef = 2C1520C025108CC500A49838 /* LaunchScreen.storyboard */; };
		2C1520CD25108CC500A49838 /* StampTests.swift in Sources */ = {isa = PBXBuildFile; fileRef = 2C1520CC25108CC500A49838 /* StampTests.swift */; };
		2C1520D825108CC500A49838 /* StampUITests.swift in Sources */ = {isa = PBXBuildFile; fileRef = 2C1520D725108CC500A49838 /* StampUITests.swift */; };
		2C1520EB25108D0D00A49838 /* hana.png in Resources */ = {isa = PBXBuildFile; fileRef = 2C1520E625108D0D00A49838 /* hana.png */; };
		2C1520EC25108D0D00A49838 /* onpu.png in Resources */ = {isa = PBXBuildFile; fileRef = 2C1520E725108D0D00A49838 /* onpu.png */; };
		2C1520ED25108D0D00A49838 /* hoshi.png in Resources */ = {isa = PBXBuildFile; fileRef = 2C1520E825108D0D00A49838 /* hoshi.png */; };
		2C1520EE25108D0D00A49838 /* background.png in Resources */ = {isa = PBXBuildFile; fileRef = 2C1520E925108D0D00A49838 /* background.png */; };
		2C1520EF25108D0D00A49838 /* shitumon.png in Resources */ = {isa = PBXBuildFile; fileRef = 2C1520EA25108D0D00A49838 /* shitumon.png */; };
/* End PBXBuildFile section */

/* Begin PBXContainerItemProxy section */
		2C1520C925108CC500A49838 /* PBXContainerItemProxy */ = {
			isa = PBXContainerItemProxy;
			containerPortal = 2C1520AA25108CC200A49838 /* Project object */;
			proxyType = 1;
			remoteGlobalIDString = 2C1520B125108CC200A49838;
			remoteInfo = Stamp;
		};
		2C1520D425108CC500A49838 /* PBXContainerItemProxy */ = {
			isa = PBXContainerItemProxy;
			containerPortal = 2C1520AA25108CC200A49838 /* Project object */;
			proxyType = 1;
			remoteGlobalIDString = 2C1520B125108CC200A49838;
			remoteInfo = Stamp;
		};
/* End PBXContainerItemProxy section */

/* Begin PBXFileReference section */
		2C1520B225108CC200A49838 /* Stamp.app */ = {isa = PBXFileReference; explicitFileType = wrapper.application; includeInIndex = 0; path = Stamp.app; sourceTree = BUILT_PRODUCTS_DIR; };
		2C1520B525108CC200A49838 /* AppDelegate.swift */ = {isa = PBXFileReference; lastKnownFileType = sourcecode.swift; path = AppDelegate.swift; sourceTree = "<group>"; };
		2C1520B725108CC200A49838 /* SceneDelegate.swift */ = {isa = PBXFileReference; lastKnownFileType = sourcecode.swift; path = SceneDelegate.swift; sourceTree = "<group>"; };
		2C1520B925108CC200A49838 /* ViewController.swift */ = {isa = PBXFileReference; lastKnownFileType = sourcecode.swift; path = ViewController.swift; sourceTree = "<group>"; };
		2C1520BC25108CC200A49838 /* Base */ = {isa = PBXFileReference; lastKnownFileType = file.storyboard; name = Base; path = Base.lproj/Main.storyboard; sourceTree = "<group>"; };
		2C1520BE25108CC500A49838 /* Assets.xcassets */ = {isa = PBXFileReference; lastKnownFileType = folder.assetcatalog; path = Assets.xcassets; sourceTree = "<group>"; };
		2C1520C125108CC500A49838 /* Base */ = {isa = PBXFileReference; lastKnownFileType = file.storyboard; name = Base; path = Base.lproj/LaunchScreen.storyboard; sourceTree = "<group>"; };
		2C1520C325108CC500A49838 /* Info.plist */ = {isa = PBXFileReference; lastKnownFileType = text.plist.xml; path = Info.plist; sourceTree = "<group>"; };
		2C1520C825108CC500A49838 /* StampTests.xctest */ = {isa = PBXFileReference; explicitFileType = wrapper.cfbundle; includeInIndex = 0; path = StampTests.xctest; sourceTree = BUILT_PRODUCTS_DIR; };
		2C1520CC25108CC500A49838 /* StampTests.swift */ = {isa = PBXFileReference; lastKnownFileType = sourcecode.swift; path = StampTests.swift; sourceTree = "<group>"; };
		2C1520CE25108CC500A49838 /* Info.plist */ = {isa = PBXFileReference; lastKnownFileType = text.plist.xml; path = Info.plist; sourceTree = "<group>"; };
		2C1520D325108CC500A49838 /* StampUITests.xctest */ = {isa = PBXFileReference; explicitFileType = wrapper.cfbundle; includeInIndex = 0; path = StampUITests.xctest; sourceTree = BUILT_PRODUCTS_DIR; };
		2C1520D725108CC500A49838 /* StampUITests.swift */ = {isa = PBXFileReference; lastKnownFileType = sourcecode.swift; path = StampUITests.swift; sourceTree = "<group>"; };
		2C1520D925108CC500A49838 /* Info.plist */ = {isa = PBXFileReference; lastKnownFileType = text.plist.xml; path = Info.plist; sourceTree = "<group>"; };
		2C1520E625108D0D00A49838 /* hana.png */ = {isa = PBXFileReference; lastKnownFileType = image.png; path = hana.png; sourceTree = "<group>"; };
		2C1520E725108D0D00A49838 /* onpu.png */ = {isa = PBXFileReference; lastKnownFileType = image.png; path = onpu.png; sourceTree = "<group>"; };
		2C1520E825108D0D00A49838 /* hoshi.png */ = {isa = PBXFileReference; lastKnownFileType = image.png; path = hoshi.png; sourceTree = "<group>"; };
		2C1520E925108D0D00A49838 /* background.png */ = {isa = PBXFileReference; lastKnownFileType = image.png; path = background.png; sourceTree = "<group>"; };
		2C1520EA25108D0D00A49838 /* shitumon.png */ = {isa = PBXFileReference; lastKnownFileType = image.png; path = shitumon.png; sourceTree = "<group>"; };
/* End PBXFileReference section */

/* Begin PBXFrameworksBuildPhase section */
		2C1520AF25108CC200A49838 /* Frameworks */ = {
			isa = PBXFrameworksBuildPhase;
			buildActionMask = 2147483647;
			files = (
			);
			runOnlyForDeploymentPostprocessing = 0;
		};
		2C1520C525108CC500A49838 /* Frameworks */ = {
			isa = PBXFrameworksBuildPhase;
			buildActionMask = 2147483647;
			files = (
			);
			runOnlyForDeploymentPostprocessing = 0;
		};
		2C1520D025108CC500A49838 /* Frameworks */ = {
			isa = PBXFrameworksBuildPhase;
			buildActionMask = 2147483647;
			files = (
			);
			runOnlyForDeploymentPostprocessing = 0;
		};
/* End PBXFrameworksBuildPhase section */

/* Begin PBXGroup section */
		2C1520A925108CC200A49838 = {
			isa = PBXGroup;
			children = (
				2C1520E525108D0D00A49838 /* Stamp素材 */,
				2C1520B425108CC200A49838 /* Stamp */,
				2C1520CB25108CC500A49838 /* StampTests */,
				2C1520D625108CC500A49838 /* StampUITests */,
				2C1520B325108CC200A49838 /* Products */,
			);
			sourceTree = "<group>";
		};
		2C1520B325108CC200A49838 /* Products */ = {
			isa = PBXGroup;
			children = (
				2C1520B225108CC200A49838 /* Stamp.app */,
				2C1520C825108CC500A49838 /* StampTests.xctest */,
				2C1520D325108CC500A49838 /* StampUITests.xctest */,
			);
			name = Products;
			sourceTree = "<group>";
		};
		2C1520B425108CC200A49838 /* Stamp */ = {
			isa = PBXGroup;
			children = (
				2C1520B525108CC200A49838 /* AppDelegate.swift */,
				2C1520B725108CC200A49838 /* SceneDelegate.swift */,
				2C1520B925108CC200A49838 /* ViewController.swift */,
				2C1520BB25108CC200A49838 /* Main.storyboard */,
				2C1520BE25108CC500A49838 /* Assets.xcassets */,
				2C1520C025108CC500A49838 /* LaunchScreen.storyboard */,
				2C1520C325108CC500A49838 /* Info.plist */,
			);
			path = Stamp;
			sourceTree = "<group>";
		};
		2C1520CB25108CC500A49838 /* StampTests */ = {
			isa = PBXGroup;
			children = (
				2C1520CC25108CC500A49838 /* StampTests.swift */,
				2C1520CE25108CC500A49838 /* Info.plist */,
			);
			path = StampTests;
			sourceTree = "<group>";
		};
		2C1520D625108CC500A49838 /* StampUITests */ = {
			isa = PBXGroup;
			children = (
				2C1520D725108CC500A49838 /* StampUITests.swift */,
				2C1520D925108CC500A49838 /* Info.plist */,
			);
			path = StampUITests;
			sourceTree = "<group>";
		};
		2C1520E525108D0D00A49838 /* Stamp素材 */ = {
			isa = PBXGroup;
			children = (
				2C1520E625108D0D00A49838 /* hana.png */,
				2C1520E725108D0D00A49838 /* onpu.png */,
				2C1520E825108D0D00A49838 /* hoshi.png */,
				2C1520E925108D0D00A49838 /* background.png */,
				2C1520EA25108D0D00A49838 /* shitumon.png */,
			);
			path = "Stamp素材";
			sourceTree = "<group>";
		};
/* End PBXGroup section */

/* Begin PBXNativeTarget section */
		2C1520B125108CC200A49838 /* Stamp */ = {
			isa = PBXNativeTarget;
			buildConfigurationList = 2C1520DC25108CC500A49838 /* Build configuration list for PBXNativeTarget "Stamp" */;
			buildPhases = (
				2C1520AE25108CC200A49838 /* Sources */,
				2C1520AF25108CC200A49838 /* Frameworks */,
				2C1520B025108CC200A49838 /* Resources */,
			);
			buildRules = (
			);
			dependencies = (
			);
			name = Stamp;
			productName = Stamp;
			productReference = 2C1520B225108CC200A49838 /* Stamp.app */;
			productType = "com.apple.product-type.application";
		};
		2C1520C725108CC500A49838 /* StampTests */ = {
			isa = PBXNativeTarget;
			buildConfigurationList = 2C1520DF25108CC500A49838 /* Build configuration list for PBXNativeTarget "StampTests" */;
			buildPhases = (
				2C1520C425108CC500A49838 /* Sources */,
				2C1520C525108CC500A49838 /* Frameworks */,
				2C1520C625108CC500A49838 /* Resources */,
			);
			buildRules = (
			);
			dependencies = (
				2C1520CA25108CC500A49838 /* PBXTargetDependency */,
			);
			name = StampTests;
			productName = StampTests;
			productReference = 2C1520C825108CC500A49838 /* StampTests.xctest */;
			productType = "com.apple.product-type.bundle.unit-test";
		};
		2C1520D225108CC500A49838 /* StampUITests */ = {
			isa = PBXNativeTarget;
			buildConfigurationList = 2C1520E225108CC500A49838 /* Build configuration list for PBXNativeTarget "StampUITests" */;
			buildPhases = (
				2C1520CF25108CC500A49838 /* Sources */,
				2C1520D025108CC500A49838 /* Frameworks */,
				2C1520D125108CC500A49838 /* Resources */,
			);
			buildRules = (
			);
			dependencies = (
				2C1520D525108CC500A49838 /* PBXTargetDependency */,
			);
			name = StampUITests;
			productName = StampUITests;
			productReference = 2C1520D325108CC500A49838 /* StampUITests.xctest */;
			productType = "com.apple.product-type.bundle.ui-testing";
		};
/* End PBXNativeTarget section */

/* Begin PBXProject section */
		2C1520AA25108CC200A49838 /* Project object */ = {
			isa = PBXProject;
			attributes = {
				LastSwiftUpdateCheck = 1170;
				LastUpgradeCheck = 1170;
				ORGANIZATIONNAME = com.litech;
				TargetAttributes = {
					2C1520B125108CC200A49838 = {
						CreatedOnToolsVersion = 11.7;
					};
					2C1520C725108CC500A49838 = {
						CreatedOnToolsVersion = 11.7;
						TestTargetID = 2C1520B125108CC200A49838;
					};
					2C1520D225108CC500A49838 = {
						CreatedOnToolsVersion = 11.7;
						TestTargetID = 2C1520B125108CC200A49838;
					};
				};
			};
			buildConfigurationList = 2C1520AD25108CC200A49838 /* Build configuration list for PBXProject "Stamp" */;
			compatibilityVersion = "Xcode 9.3";
			developmentRegion = en;
			hasScannedForEncodings = 0;
			knownRegions = (
				en,
				Base,
			);
			mainGroup = 2C1520A925108CC200A49838;
			productRefGroup = 2C1520B325108CC200A49838 /* Products */;
			projectDirPath = "";
			projectRoot = "";
			targets = (
				2C1520B125108CC200A49838 /* Stamp */,
				2C1520C725108CC500A49838 /* StampTests */,
				2C1520D225108CC500A49838 /* StampUITests */,
			);
		};
/* End PBXProject section */

/* Begin PBXResourcesBuildPhase section */
		2C1520B025108CC200A49838 /* Resources */ = {
			isa = PBXResourcesBuildPhase;
			buildActionMask = 2147483647;
			files = (
				2C1520C225108CC500A49838 /* LaunchScreen.storyboard in Resources */,
				2C1520ED25108D0D00A49838 /* hoshi.png in Resources */,
				2C1520EE25108D0D00A49838 /* background.png in Resources */,
				2C1520EC25108D0D00A49838 /* onpu.png in Resources */,
				2C1520BF25108CC500A49838 /* Assets.xcassets in Resources */,
				2C1520BD25108CC200A49838 /* Main.storyboard in Resources */,
				2C1520EF25108D0D00A49838 /* shitumon.png in Resources */,
				2C1520EB25108D0D00A49838 /* hana.png in Resources */,
			);
			runOnlyForDeploymentPostprocessing = 0;
		};
		2C1520C625108CC500A49838 /* Resources */ = {
			isa = PBXResourcesBuildPhase;
			buildActionMask = 2147483647;
			files = (
			);
			runOnlyForDeploymentPostprocessing = 0;
		};
		2C1520D125108CC500A49838 /* Resources */ = {
			isa = PBXResourcesBuildPhase;
			buildActionMask = 2147483647;
			files = (
			);
			runOnlyForDeploymentPostprocessing = 0;
		};
/* End PBXResourcesBuildPhase section */

/* Begin PBXSourcesBuildPhase section */
		2C1520AE25108CC200A49838 /* Sources */ = {
			isa = PBXSourcesBuildPhase;
			buildActionMask = 2147483647;
			files = (
				2C1520BA25108CC200A49838 /* ViewController.swift in Sources */,
				2C1520B625108CC200A49838 /* AppDelegate.swift in Sources */,
				2C1520B825108CC200A49838 /* SceneDelegate.swift in Sources */,
			);
			runOnlyForDeploymentPostprocessing = 0;
		};
		2C1520C425108CC500A49838 /* Sources */ = {
			isa = PBXSourcesBuildPhase;
			buildActionMask = 2147483647;
			files = (
				2C1520CD25108CC500A49838 /* StampTests.swift in Sources */,
			);
			runOnlyForDeploymentPostprocessing = 0;
		};
		2C1520CF25108CC500A49838 /* Sources */ = {
			isa = PBXSourcesBuildPhase;
			buildActionMask = 2147483647;
			files = (
				2C1520D825108CC500A49838 /* StampUITests.swift in Sources */,
			);
			runOnlyForDeploymentPostprocessing = 0;
		};
/* End PBXSourcesBuildPhase section */

/* Begin PBXTargetDependency section */
		2C1520CA25108CC500A49838 /* PBXTargetDependency */ = {
			isa = PBXTargetDependency;
			target = 2C1520B125108CC200A49838 /* Stamp */;
			targetProxy = 2C1520C925108CC500A49838 /* PBXContainerItemProxy */;
		};
		2C1520D525108CC500A49838 /* PBXTargetDependency */ = {
			isa = PBXTargetDependency;
			target = 2C1520B125108CC200A49838 /* Stamp */;
			targetProxy = 2C1520D425108CC500A49838 /* PBXContainerItemProxy */;
		};
/* End PBXTargetDependency section */

/* Begin PBXVariantGroup section */
		2C1520BB25108CC200A49838 /* Main.storyboard */ = {
			isa = PBXVariantGroup;
			children = (
				2C1520BC25108CC200A49838 /* Base */,
			);
			name = Main.storyboard;
			sourceTree = "<group>";
		};
		2C1520C025108CC500A49838 /* LaunchScreen.storyboard */ = {
			isa = PBXVariantGroup;
			children = (
				2C1520C125108CC500A49838 /* Base */,
			);
			name = LaunchScreen.storyboard;
			sourceTree = "<group>";
		};
/* End PBXVariantGroup section */

/* Begin XCBuildConfiguration section */
		2C1520DA25108CC500A49838 /* Debug */ = {
			isa = XCBuildConfiguration;
			buildSettings = {
				ALWAYS_SEARCH_USER_PATHS = NO;
				CLANG_ANALYZER_NONNULL = YES;
				CLANG_ANALYZER_NUMBER_OBJECT_CONVERSION = YES_AGGRESSIVE;
				CLANG_CXX_LANGUAGE_STANDARD = "gnu++14";
				CLANG_CXX_LIBRARY = "libc++";
				CLANG_ENABLE_MODULES = YES;
				CLANG_ENABLE_OBJC_ARC = YES;
				CLANG_ENABLE_OBJC_WEAK = YES;
				CLANG_WARN_BLOCK_CAPTURE_AUTORELEASING = YES;
				CLANG_WARN_BOOL_CONVERSION = YES;
				CLANG_WARN_COMMA = YES;
				CLANG_WARN_CONSTANT_CONVERSION = YES;
				CLANG_WARN_DEPRECATED_OBJC_IMPLEMENTATIONS = YES;
				CLANG_WARN_DIRECT_OBJC_ISA_USAGE = YES_ERROR;
				CLANG_WARN_DOCUMENTATION_COMMENTS = YES;
				CLANG_WARN_EMPTY_BODY = YES;
				CLANG_WARN_ENUM_CONVERSION = YES;
				CLANG_WARN_INFINITE_RECURSION = YES;
				CLANG_WARN_INT_CONVERSION = YES;
				CLANG_WARN_NON_LITERAL_NULL_CONVERSION = YES;
				CLANG_WARN_OBJC_IMPLICIT_RETAIN_SELF = YES;
				CLANG_WARN_OBJC_LITERAL_CONVERSION = YES;
				CLANG_WARN_OBJC_ROOT_CLASS = YES_ERROR;
				CLANG_WARN_RANGE_LOOP_ANALYSIS = YES;
				CLANG_WARN_STRICT_PROTOTYPES = YES;
				CLANG_WARN_SUSPICIOUS_MOVE = YES;
				CLANG_WARN_UNGUARDED_AVAILABILITY = YES_AGGRESSIVE;
				CLANG_WARN_UNREACHABLE_CODE = YES;
				CLANG_WARN__DUPLICATE_METHOD_MATCH = YES;
				COPY_PHASE_STRIP = NO;
				DEBUG_INFORMATION_FORMAT = dwarf;
				ENABLE_STRICT_OBJC_MSGSEND = YES;
				ENABLE_TESTABILITY = YES;
				GCC_C_LANGUAGE_STANDARD = gnu11;
				GCC_DYNAMIC_NO_PIC = NO;
				GCC_NO_COMMON_BLOCKS = YES;
				GCC_OPTIMIZATION_LEVEL = 0;
				GCC_PREPROCESSOR_DEFINITIONS = (
					"DEBUG=1",
					"$(inherited)",
				);
				GCC_WARN_64_TO_32_BIT_CONVERSION = YES;
				GCC_WARN_ABOUT_RETURN_TYPE = YES_ERROR;
				GCC_WARN_UNDECLARED_SELECTOR = YES;
				GCC_WARN_UNINITIALIZED_AUTOS = YES_AGGRESSIVE;
				GCC_WARN_UNUSED_FUNCTION = YES;
				GCC_WARN_UNUSED_VARIABLE = YES;
				IPHONEOS_DEPLOYMENT_TARGET = 13.7;
				MTL_ENABLE_DEBUG_INFO = INCLUDE_SOURCE;
				MTL_FAST_MATH = YES;
				ONLY_ACTIVE_ARCH = YES;
				SDKROOT = iphoneos;
				SWIFT_ACTIVE_COMPILATION_CONDITIONS = DEBUG;
				SWIFT_OPTIMIZATION_LEVEL = "-Onone";
			};
			name = Debug;
		};
		2C1520DB25108CC500A49838 /* Release */ = {
			isa = XCBuildConfiguration;
			buildSettings = {
				ALWAYS_SEARCH_USER_PATHS = NO;
				CLANG_ANALYZER_NONNULL = YES;
				CLANG_ANALYZER_NUMBER_OBJECT_CONVERSION = YES_AGGRESSIVE;
				CLANG_CXX_LANGUAGE_STANDARD = "gnu++14";
				CLANG_CXX_LIBRARY = "libc++";
				CLANG_ENABLE_MODULES = YES;
				CLANG_ENABLE_OBJC_ARC = YES;
				CLANG_ENABLE_OBJC_WEAK = YES;
				CLANG_WARN_BLOCK_CAPTURE_AUTORELEASING = YES;
				CLANG_WARN_BOOL_CONVERSION = YES;
				CLANG_WARN_COMMA = YES;
				CLANG_WARN_CONSTANT_CONVERSION = YES;
				CLANG_WARN_DEPRECATED_OBJC_IMPLEMENTATIONS = YES;
				CLANG_WARN_DIRECT_OBJC_ISA_USAGE = YES_ERROR;
				CLANG_WARN_DOCUMENTATION_COMMENTS = YES;
				CLANG_WARN_EMPTY_BODY = YES;
				CLANG_WARN_ENUM_CONVERSION = YES;
				CLANG_WARN_INFINITE_RECURSION = YES;
				CLANG_WARN_INT_CONVERSION = YES;
				CLANG_WARN_NON_LITERAL_NULL_CONVERSION = YES;
				CLANG_WARN_OBJC_IMPLICIT_RETAIN_SELF = YES;
				CLANG_WARN_OBJC_LITERAL_CONVERSION = YES;
				CLANG_WARN_OBJC_ROOT_CLASS = YES_ERROR;
				CLANG_WARN_RANGE_LOOP_ANALYSIS = YES;
				CLANG_WARN_STRICT_PROTOTYPES = YES;
				CLANG_WARN_SUSPICIOUS_MOVE = YES;
				CLANG_WARN_UNGUARDED_AVAILABILITY = YES_AGGRESSIVE;
				CLANG_WARN_UNREACHABLE_CODE = YES;
				CLANG_WARN__DUPLICATE_METHOD_MATCH = YES;
				COPY_PHASE_STRIP = NO;
				DEBUG_INFORMATION_FORMAT = "dwarf-with-dsym";
				ENABLE_NS_ASSERTIONS = NO;
				ENABLE_STRICT_OBJC_MSGSEND = YES;
				GCC_C_LANGUAGE_STANDARD = gnu11;
				GCC_NO_COMMON_BLOCKS = YES;
				GCC_WARN_64_TO_32_BIT_CONVERSION = YES;
				GCC_WARN_ABOUT_RETURN_TYPE = YES_ERROR;
				GCC_WARN_UNDECLARED_SELECTOR = YES;
				GCC_WARN_UNINITIALIZED_AUTOS = YES_AGGRESSIVE;
				GCC_WARN_UNUSED_FUNCTION = YES;
				GCC_WARN_UNUSED_VARIABLE = YES;
				IPHONEOS_DEPLOYMENT_TARGET = 13.7;
				MTL_ENABLE_DEBUG_INFO = NO;
				MTL_FAST_MATH = YES;
				SDKROOT = iphoneos;
				SWIFT_COMPILATION_MODE = wholemodule;
				SWIFT_OPTIMIZATION_LEVEL = "-O";
				VALIDATE_PRODUCT = YES;
			};
			name = Release;
		};
		2C1520DD25108CC500A49838 /* Debug */ = {
			isa = XCBuildConfiguration;
			buildSettings = {
				ASSETCATALOG_COMPILER_APPICON_NAME = AppIcon;
				CODE_SIGN_STYLE = Automatic;
				INFOPLIST_FILE = Stamp/Info.plist;
				LD_RUNPATH_SEARCH_PATHS = (
					"$(inherited)",
					"@executable_path/Frameworks",
				);
				PRODUCT_BUNDLE_IDENTIFIER = com.litech.Stamp;
				PRODUCT_NAME = "$(TARGET_NAME)";
				SWIFT_VERSION = 5.0;
				TARGETED_DEVICE_FAMILY = "1,2";
			};
			name = Debug;
		};
		2C1520DE25108CC500A49838 /* Release */ = {
			isa = XCBuildConfiguration;
			buildSettings = {
				ASSETCATALOG_COMPILER_APPICON_NAME = AppIcon;
				CODE_SIGN_STYLE = Automatic;
				INFOPLIST_FILE = Stamp/Info.plist;
				LD_RUNPATH_SEARCH_PATHS = (
					"$(inherited)",
					"@executable_path/Frameworks",
				);
				PRODUCT_BUNDLE_IDENTIFIER = com.litech.Stamp;
				PRODUCT_NAME = "$(TARGET_NAME)";
				SWIFT_VERSION = 5.0;
				TARGETED_DEVICE_FAMILY = "1,2";
			};
			name = Release;
		};
		2C1520E025108CC500A49838 /* Debug */ = {
			isa = XCBuildConfiguration;
			buildSettings = {
				ALWAYS_EMBED_SWIFT_STANDARD_LIBRARIES = YES;
				BUNDLE_LOADER = "$(TEST_HOST)";
				CODE_SIGN_STYLE = Automatic;
				INFOPLIST_FILE = StampTests/Info.plist;
				IPHONEOS_DEPLOYMENT_TARGET = 13.7;
				LD_RUNPATH_SEARCH_PATHS = (
					"$(inherited)",
					"@executable_path/Frameworks",
					"@loader_path/Frameworks",
				);
				PRODUCT_BUNDLE_IDENTIFIER = com.litech.StampTests;
				PRODUCT_NAME = "$(TARGET_NAME)";
				SWIFT_VERSION = 5.0;
				TARGETED_DEVICE_FAMILY = "1,2";
				TEST_HOST = "$(BUILT_PRODUCTS_DIR)/Stamp.app/Stamp";
			};
			name = Debug;
		};
		2C1520E125108CC500A49838 /* Release */ = {
			isa = XCBuildConfiguration;
			buildSettings = {
				ALWAYS_EMBED_SWIFT_STANDARD_LIBRARIES = YES;
				BUNDLE_LOADER = "$(TEST_HOST)";
				CODE_SIGN_STYLE = Automatic;
				INFOPLIST_FILE = StampTests/Info.plist;
				IPHONEOS_DEPLOYMENT_TARGET = 13.7;
				LD_RUNPATH_SEARCH_PATHS = (
					"$(inherited)",
					"@executable_path/Frameworks",
					"@loader_path/Frameworks",
				);
				PRODUCT_BUNDLE_IDENTIFIER = com.litech.StampTests;
				PRODUCT_NAME = "$(TARGET_NAME)";
				SWIFT_VERSION = 5.0;
				TARGETED_DEVICE_FAMILY = "1,2";
				TEST_HOST = "$(BUILT_PRODUCTS_DIR)/Stamp.app/Stamp";
			};
			name = Release;
		};
		2C1520E325108CC500A49838 /* Debug */ = {
			isa = XCBuildConfiguration;
			buildSettings = {
				ALWAYS_EMBED_SWIFT_STANDARD_LIBRARIES = YES;
				CODE_SIGN_STYLE = Automatic;
				INFOPLIST_FILE = StampUITests/Info.plist;
				LD_RUNPATH_SEARCH_PATHS = (
					"$(inherited)",
					"@executable_path/Frameworks",
					"@loader_path/Frameworks",
				);
				PRODUCT_BUNDLE_IDENTIFIER = com.litech.StampUITests;
				PRODUCT_NAME = "$(TARGET_NAME)";
				SWIFT_VERSION = 5.0;
				TARGETED_DEVICE_FAMILY = "1,2";
				TEST_TARGET_NAME = Stamp;
			};
			name = Debug;
		};
		2C1520E425108CC500A49838 /* Release */ = {
			isa = XCBuildConfiguration;
			buildSettings = {
				ALWAYS_EMBED_SWIFT_STANDARD_LIBRARIES = YES;
				CODE_SIGN_STYLE = Automatic;
				INFOPLIST_FILE = StampUITests/Info.plist;
				LD_RUNPATH_SEARCH_PATHS = (
					"$(inherited)",
					"@executable_path/Frameworks",
					"@loader_path/Frameworks",
				);
				PRODUCT_BUNDLE_IDENTIFIER = com.litech.StampUITests;
				PRODUCT_NAME = "$(TARGET_NAME)";
				SWIFT_VERSION = 5.0;
				TARGETED_DEVICE_FAMILY = "1,2";
				TEST_TARGET_NAME = Stamp;
			};
			name = Release;
		};
/* End XCBuildConfiguration section */

/* Begin XCConfigurationList section */
		2C1520AD25108CC200A49838 /* Build configuration list for PBXProject "Stamp" */ = {
			isa = XCConfigurationList;
			buildConfigurations = (
				2C1520DA25108CC500A49838 /* Debug */,
				2C1520DB25108CC500A49838 /* Release */,
			);
			defaultConfigurationIsVisible = 0;
			defaultConfigurationName = Release;
		};
		2C1520DC25108CC500A49838 /* Build configuration list for PBXNativeTarget "Stamp" */ = {
			isa = XCConfigurationList;
			buildConfigurations = (
				2C1520DD25108CC500A49838 /* Debug */,
				2C1520DE25108CC500A49838 /* Release */,
			);
			defaultConfigurationIsVisible = 0;
			defaultConfigurationName = Release;
		};
		2C1520DF25108CC500A49838 /* Build configuration list for PBXNativeTarget "StampTests" */ = {
			isa = XCConfigurationList;
			buildConfigurations = (
				2C1520E025108CC500A49838 /* Debug */,
				2C1520E125108CC500A49838 /* Release */,
			);
			defaultConfigurationIsVisible = 0;
			defaultConfigurationName = Release;
		};
		2C1520E225108CC500A49838 /* Build configuration list for PBXNativeTarget "StampUITests" */ = {
			isa = XCConfigurationList;
			buildConfigurations = (
				2C1520E325108CC500A49838 /* Debug */,
				2C1520E425108CC500A49838 /* Release */,
			);
			defaultConfigurationIsVisible = 0;
			defaultConfigurationName = Release;
		};
/* End XCConfigurationList section */
	};
	rootObject = 2C1520AA25108CC200A49838 /* Project object */;
}
